
Microsoft Visual Studio Solution File, Format Version 12.00
# Visual Studio Version 16
VisualStudioVersion = 16.0.30717.126
MinimumVisualStudioVersion = 10.0.40219.1
Project("{FAE04EC0-301F-11D3-BF4B-00C04F79EFBC}") = "Assignment07", "Assignment07\Assignment07.csproj", "{05A220B6-0D60-4756-9518-0D8AEF231B76}"
EndProject
Global
	GlobalSection(SolutionConfigurationPlatforms) = preSolution
		Debug|Any CPU = Debug|Any CPU
		Release|Any CPU = Release|Any CPU
	EndGlobalSection
	GlobalSection(ProjectConfigurationPlatforms) = postSolution
		{05A220B6-0D60-4756-9518-0D8AEF231B76}.Debug|Any CPU.ActiveCfg = Debug|Any CPU
		{05A220B6-0D60-4756-9518-0D8AEF231B76}.Debug|Any CPU.Build.0 = Debug|Any CPU
		{05A220B6-0D60-4756-9518-0D8AEF231B76}.Release|Any CPU.ActiveCfg = Release|Any CPU
		{05A220B6-0D60-4756-9518-0D8AEF231B76}.Release|Any CPU.Build.0 = Release|Any CPU
	EndGlobalSection
	GlobalSection(SolutionProperties) = preSolution
		HideSolutionNode = FALSE
	EndGlobalSection
	GlobalSection(ExtensibilityGlobals) = postSolution
		SolutionGuid = {9CECADE1-A764-44B2-8A61-51FCE64F7151}
	EndGlobalSection
EndGlobal
