
Microsoft Visual Studio Solution File, Format Version 12.00
# Visual Studio Version 16
VisualStudioVersion = 16.0.30717.126
MinimumVisualStudioVersion = 10.0.40219.1
Project("{FAE04EC0-301F-11D3-BF4B-00C04F79EFBC}") = "Assigment03", "Assigment03\Assigment03.csproj", "{65B78E1E-F2FA-4E53-B6C2-B3338031113E}"
EndProject
Global
	GlobalSection(SolutionConfigurationPlatforms) = preSolution
		Debug|Any CPU = Debug|Any CPU
		Release|Any CPU = Release|Any CPU
	EndGlobalSection
	GlobalSection(ProjectConfigurationPlatforms) = postSolution
		{65B78E1E-F2FA-4E53-B6C2-B3338031113E}.Debug|Any CPU.ActiveCfg = Debug|Any CPU
		{65B78E1E-F2FA-4E53-B6C2-B3338031113E}.Debug|Any CPU.Build.0 = Debug|Any CPU
		{65B78E1E-F2FA-4E53-B6C2-B3338031113E}.Release|Any CPU.ActiveCfg = Release|Any CPU
		{65B78E1E-F2FA-4E53-B6C2-B3338031113E}.Release|Any CPU.Build.0 = Release|Any CPU
	EndGlobalSection
	GlobalSection(SolutionProperties) = preSolution
		HideSolutionNode = FALSE
	EndGlobalSection
	GlobalSection(ExtensibilityGlobals) = postSolution
		SolutionGuid = {CE08D60F-8CD7-45C5-8A22-27A836BA0D34}
	EndGlobalSection
EndGlobal
